Microsoft Visual Studio Solution File, Format Version 11.00
# Visual Studio 2008

Project("{19BF263B-D5E6-1DE7-DFC8-BC24143E586D}") = "SaveTheCity", "Assembly-CSharp.csproj", "{624BEA7F-BE8D-D92D-C2E1-EC0AB6741813}"
EndProject
Global
	GlobalSection(SolutionConfigurationPlatforms) = preSolution
		Debug|Any CPU = Debug|Any CPU
		Release|Any CPU = Release|Any CPU
	EndGlobalSection
	GlobalSection(ProjectConfigurationPlatforms) = postSolution
		{624BEA7F-BE8D-D92D-C2E1-EC0AB6741813}.Debug|Any CPU.ActiveCfg = Debug|Any CPU
		{624BEA7F-BE8D-D92D-C2E1-EC0AB6741813}.Debug|Any CPU.Build.0 = Debug|Any CPU
		{624BEA7F-BE8D-D92D-C2E1-EC0AB6741813}.Release|Any CPU.ActiveCfg = Release|Any CPU
		{624BEA7F-BE8D-D92D-C2E1-EC0AB6741813}.Release|Any CPU.Build.0 = Release|Any CPU
	EndGlobalSection
	GlobalSection(SolutionProperties) = preSolution
		HideSolutionNode = FALSE
	EndGlobalSection
	GlobalSection(MonoDevelopProperties) = preSolution
		StartupItem = Assembly-CSharp.csproj
	EndGlobalSection
EndGlobal
